// !$*UTF8*$!
{
	archiveVersion = 1;
	classes = {
	};
	objectVersion = 56;
	objects = {

/* Begin PBXBuildFile section */
		797664AB2A0CC93F0048F1C4 /* Mobile_project_mainApp.swift in Sources */ = {isa = PBXBuildFile; fileRef = 797664AA2A0CC93F0048F1C4 /* Mobile_project_mainApp.swift */; };
		797664AD2A0CC93F0048F1C4 /* ContentView.swift in Sources */ = {isa = PBXBuildFile; fileRef = 797664AC2A0CC93F0048F1C4 /* ContentView.swift */; };
		797664AF2A0CC9400048F1C4 /* Assets.xcassets in Resources */ = {isa = PBXBuildFile; fileRef = 797664AE2A0CC9400048F1C4 /* Assets.xcassets */; };
		797664B22A0CC9400048F1C4 /* Preview Assets.xcassets in Resources */ = {isa = PBXBuildFile; fileRef = 797664B12A0CC9400048F1C4 /* Preview Assets.xcassets */; };
		797664BC2A0CC9400048F1C4 /* Mobile_project_mainTests.swift in Sources */ = {isa = PBXBuildFile; fileRef = 797664BB2A0CC9400048F1C4 /* Mobile_project_mainTests.swift */; };
		797664C62A0CC9400048F1C4 /* Mobile_project_mainUITests.swift in Sources */ = {isa = PBXBuildFile; fileRef = 797664C52A0CC9400048F1C4 /* Mobile_project_mainUITests.swift */; };
		797664C82A0CC9400048F1C4 /* Mobile_project_mainUITestsLaunchTests.swift in Sources */ = {isa = PBXBuildFile; fileRef = 797664C72A0CC9400048F1C4 /* Mobile_project_mainUITestsLaunchTests.swift */; };
		797664D52A0CCB280048F1C4 /* fetchData.swift in Sources */ = {isa = PBXBuildFile; fileRef = 797664D42A0CCB280048F1C4 /* fetchData.swift */; };
		797664D72A0CCB5C0048F1C4 /* WorkAround.swift in Sources */ = {isa = PBXBuildFile; fileRef = 797664D62A0CCB5C0048F1C4 /* WorkAround.swift */; };
		797664DA2A0CCFE50048F1C4 /* Users.swift in Sources */ = {isa = PBXBuildFile; fileRef = 797664D92A0CCFE40048F1C4 /* Users.swift */; };
		797664DC2A0CD12C0048F1C4 /* findAllButton.swift in Sources */ = {isa = PBXBuildFile; fileRef = 797664DB2A0CD12C0048F1C4 /* findAllButton.swift */; };
		797664DE2A0CD6BE0048F1C4 /* FindByIdButton.swift in Sources */ = {isa = PBXBuildFile; fileRef = 797664DD2A0CD6BE0048F1C4 /* FindByIdButton.swift */; };
		797664E02A0CE31D0048F1C4 /* backButton.swift in Sources */ = {isa = PBXBuildFile; fileRef = 797664DF2A0CE31D0048F1C4 /* backButton.swift */; };
		797664E22A0CE5560048F1C4 /* PostData.swift in Sources */ = {isa = PBXBuildFile; fileRef = 797664E12A0CE5560048F1C4 /* PostData.swift */; };
		797664E42A0CE9B50048F1C4 /* PostButton.swift in Sources */ = {isa = PBXBuildFile; fileRef = 797664E32A0CE9B50048F1C4 /* PostButton.swift */; };
		797664E92A0D02640048F1C4 /* FetchById.swift in Sources */ = {isa = PBXBuildFile; fileRef = 797664E82A0D02640048F1C4 /* FetchById.swift */; };
		797664EB2A0D0A110048F1C4 /* UpdateByIdButton.swift in Sources */ = {isa = PBXBuildFile; fileRef = 797664EA2A0D0A110048F1C4 /* UpdateByIdButton.swift */; };
		797664ED2A0D0A210048F1C4 /* DeleteByIdButton.swift in Sources */ = {isa = PBXBuildFile; fileRef = 797664EC2A0D0A210048F1C4 /* DeleteByIdButton.swift */; };
		797664EF2A0D0CC70048F1C4 /* PutData.swift in Sources */ = {isa = PBXBuildFile; fileRef = 797664EE2A0D0CC70048F1C4 /* PutData.swift */; };
		797664F12A0D0CD30048F1C4 /* DeleteData.swift in Sources */ = {isa = PBXBuildFile; fileRef = 797664F02A0D0CD30048F1C4 /* DeleteData.swift */; };
/* End PBXBuildFile section */

/* Begin PBXContainerItemProxy section */
		797664B82A0CC9400048F1C4 /* PBXContainerItemProxy */ = {
			isa = PBXContainerItemProxy;
			containerPortal = 7976649F2A0CC93F0048F1C4 /* Project object */;
			proxyType = 1;
			remoteGlobalIDString = 797664A62A0CC93F0048F1C4;
			remoteInfo = Mobile_project_main;
		};
		797664C22A0CC9400048F1C4 /* PBXContainerItemProxy */ = {
			isa = PBXContainerItemProxy;
			containerPortal = 7976649F2A0CC93F0048F1C4 /* Project object */;
			proxyType = 1;
			remoteGlobalIDString = 797664A62A0CC93F0048F1C4;
			remoteInfo = Mobile_project_main;
		};
/* End PBXContainerItemProxy section */

/* Begin PBXFileReference section */
		797664A72A0CC93F0048F1C4 /* Mobile_project_main.app */ = {isa = PBXFileReference; explicitFileType = wrapper.application; includeInIndex = 0; path = Mobile_project_main.app; sourceTree = BUILT_PRODUCTS_DIR; };
		797664AA2A0CC93F0048F1C4 /* Mobile_project_mainApp.swift */ = {isa = PBXFileReference; lastKnownFileType = sourcecode.swift; path = Mobile_project_mainApp.swift; sourceTree = "<group>"; };
		797664AC2A0CC93F0048F1C4 /* ContentView.swift */ = {isa = PBXFileReference; lastKnownFileType = sourcecode.swift; path = ContentView.swift; sourceTree = "<group>"; };
		797664AE2A0CC9400048F1C4 /* Assets.xcassets */ = {isa = PBXFileReference; lastKnownFileType = folder.assetcatalog; path = Assets.xcassets; sourceTree = "<group>"; };
		797664B12A0CC9400048F1C4 /* Preview Assets.xcassets */ = {isa = PBXFileReference; lastKnownFileType = folder.assetcatalog; path = "Preview Assets.xcassets"; sourceTree = "<group>"; };
		797664B72A0CC9400048F1C4 /* Mobile_project_mainTests.xctest */ = {isa = PBXFileReference; explicitFileType = wrapper.cfbundle; includeInIndex = 0; path = Mobile_project_mainTests.xctest; sourceTree = BUILT_PRODUCTS_DIR; };
		797664BB2A0CC9400048F1C4 /* Mobile_project_mainTests.swift */ = {isa = PBXFileReference; lastKnownFileType = sourcecode.swift; path = Mobile_project_mainTests.swift; sourceTree = "<group>"; };
		797664C12A0CC9400048F1C4 /* Mobile_project_mainUITests.xctest */ = {isa = PBXFileReference; explicitFileType = wrapper.cfbundle; includeInIndex = 0; path = Mobile_project_mainUITests.xctest; sourceTree = BUILT_PRODUCTS_DIR; };
		797664C52A0CC9400048F1C4 /* Mobile_project_mainUITests.swift */ = {isa = PBXFileReference; lastKnownFileType = sourcecode.swift; path = Mobile_project_mainUITests.swift; sourceTree = "<group>"; };
		797664C72A0CC9400048F1C4 /* Mobile_project_mainUITestsLaunchTests.swift */ = {isa = PBXFileReference; lastKnownFileType = sourcecode.swift; path = Mobile_project_mainUITestsLaunchTests.swift; sourceTree = "<group>"; };
		797664D42A0CCB280048F1C4 /* fetchData.swift */ = {isa = PBXFileReference; lastKnownFileType = sourcecode.swift; path = fetchData.swift; sourceTree = "<group>"; };
		797664D62A0CCB5C0048F1C4 /* WorkAround.swift */ = {isa = PBXFileReference; lastKnownFileType = sourcecode.swift; path = WorkAround.swift; sourceTree = "<group>"; };
		797664D92A0CCFE40048F1C4 /* Users.swift */ = {isa = PBXFileReference; lastKnownFileType = sourcecode.swift; path = Users.swift; sourceTree = "<group>"; };
		797664DB2A0CD12C0048F1C4 /* findAllButton.swift */ = {isa = PBXFileReference; lastKnownFileType = sourcecode.swift; path = findAllButton.swift; sourceTree = "<group>"; };
		797664DD2A0CD6BE0048F1C4 /* FindByIdButton.swift */ = {isa = PBXFileReference; lastKnownFileType = sourcecode.swift; path = FindByIdButton.swift; sourceTree = "<group>"; };
		797664DF2A0CE31D0048F1C4 /* backButton.swift */ = {isa = PBXFileReference; lastKnownFileType = sourcecode.swift; path = backButton.swift; sourceTree = "<group>"; };
		797664E12A0CE5560048F1C4 /* PostData.swift */ = {isa = PBXFileReference; lastKnownFileType = sourcecode.swift; path = PostData.swift; sourceTree = "<group>"; };
		797664E32A0CE9B50048F1C4 /* PostButton.swift */ = {isa = PBXFileReference; lastKnownFileType = sourcecode.swift; path = PostButton.swift; sourceTree = "<group>"; };
		797664E82A0D02640048F1C4 /* FetchById.swift */ = {isa = PBXFileReference; lastKnownFileType = sourcecode.swift; path = FetchById.swift; sourceTree = "<group>"; };
		797664EA2A0D0A110048F1C4 /* UpdateByIdButton.swift */ = {isa = PBXFileReference; lastKnownFileType = sourcecode.swift; path = UpdateByIdButton.swift; sourceTree = "<group>"; };
		797664EC2A0D0A210048F1C4 /* DeleteByIdButton.swift */ = {isa = PBXFileReference; lastKnownFileType = sourcecode.swift; path = DeleteByIdButton.swift; sourceTree = "<group>"; };
		797664EE2A0D0CC70048F1C4 /* PutData.swift */ = {isa = PBXFileReference; lastKnownFileType = sourcecode.swift; path = PutData.swift; sourceTree = "<group>"; };
		797664F02A0D0CD30048F1C4 /* DeleteData.swift */ = {isa = PBXFileReference; lastKnownFileType = sourcecode.swift; path = DeleteData.swift; sourceTree = "<group>"; };
/* End PBXFileReference section */

/* Begin PBXFrameworksBuildPhase section */
		797664A42A0CC93F0048F1C4 /* Frameworks */ = {
			isa = PBXFrameworksBuildPhase;
			buildActionMask = 2147483647;
			files = (
			);
			runOnlyForDeploymentPostprocessing = 0;
		};
		797664B42A0CC9400048F1C4 /* Frameworks */ = {
			isa = PBXFrameworksBuildPhase;
			buildActionMask = 2147483647;
			files = (
			);
			runOnlyForDeploymentPostprocessing = 0;
		};
		797664BE2A0CC9400048F1C4 /* Frameworks */ = {
			isa = PBXFrameworksBuildPhase;
			buildActionMask = 2147483647;
			files = (
			);
			runOnlyForDeploymentPostprocessing = 0;
		};
/* End PBXFrameworksBuildPhase section */

/* Begin PBXGroup section */
		7976649E2A0CC93F0048F1C4 = {
			isa = PBXGroup;
			children = (
				797664A92A0CC93F0048F1C4 /* Mobile_project_main */,
				797664BA2A0CC9400048F1C4 /* Mobile_project_mainTests */,
				797664C42A0CC9400048F1C4 /* Mobile_project_mainUITests */,
				797664A82A0CC93F0048F1C4 /* Products */,
			);
			sourceTree = "<group>";
		};
		797664A82A0CC93F0048F1C4 /* Products */ = {
			isa = PBXGroup;
			children = (
				797664A72A0CC93F0048F1C4 /* Mobile_project_main.app */,
				797664B72A0CC9400048F1C4 /* Mobile_project_mainTests.xctest */,
				797664C12A0CC9400048F1C4 /* Mobile_project_mainUITests.xctest */,
			);
			name = Products;
			sourceTree = "<group>";
		};
		797664A92A0CC93F0048F1C4 /* Mobile_project_main */ = {
			isa = PBXGroup;
			children = (
				797664E72A0CF8D80048F1C4 /* Requests */,
				797664E62A0CF8B00048F1C4 /* dataManagement */,
				797664E52A0CF85B0048F1C4 /* Buttons */,
				797664AA2A0CC93F0048F1C4 /* Mobile_project_mainApp.swift */,
				797664AC2A0CC93F0048F1C4 /* ContentView.swift */,
				797664AE2A0CC9400048F1C4 /* Assets.xcassets */,
				797664B02A0CC9400048F1C4 /* Preview Content */,
			);
			path = Mobile_project_main;
			sourceTree = "<group>";
		};
		797664B02A0CC9400048F1C4 /* Preview Content */ = {
			isa = PBXGroup;
			children = (
				797664B12A0CC9400048F1C4 /* Preview Assets.xcassets */,
			);
			path = "Preview Content";
			sourceTree = "<group>";
		};
		797664BA2A0CC9400048F1C4 /* Mobile_project_mainTests */ = {
			isa = PBXGroup;
			children = (
				797664BB2A0CC9400048F1C4 /* Mobile_project_mainTests.swift */,
			);
			path = Mobile_project_mainTests;
			sourceTree = "<group>";
		};
		797664C42A0CC9400048F1C4 /* Mobile_project_mainUITests */ = {
			isa = PBXGroup;
			children = (
				797664C52A0CC9400048F1C4 /* Mobile_project_mainUITests.swift */,
				797664C72A0CC9400048F1C4 /* Mobile_project_mainUITestsLaunchTests.swift */,
			);
			path = Mobile_project_mainUITests;
			sourceTree = "<group>";
		};
		797664E52A0CF85B0048F1C4 /* Buttons */ = {
			isa = PBXGroup;
			children = (
				797664DB2A0CD12C0048F1C4 /* findAllButton.swift */,
				797664DD2A0CD6BE0048F1C4 /* FindByIdButton.swift */,
				797664E32A0CE9B50048F1C4 /* PostButton.swift */,
				797664DF2A0CE31D0048F1C4 /* backButton.swift */,
				797664EA2A0D0A110048F1C4 /* UpdateByIdButton.swift */,
				797664EC2A0D0A210048F1C4 /* DeleteByIdButton.swift */,
			);
			path = Buttons;
			sourceTree = "<group>";
		};
		797664E62A0CF8B00048F1C4 /* dataManagement */ = {
			isa = PBXGroup;
			children = (
				797664D62A0CCB5C0048F1C4 /* WorkAround.swift */,
				797664D92A0CCFE40048F1C4 /* Users.swift */,
			);
			path = dataManagement;
			sourceTree = "<group>";
		};
		797664E72A0CF8D80048F1C4 /* Requests */ = {
			isa = PBXGroup;
			children = (
				797664D42A0CCB280048F1C4 /* fetchData.swift */,
				797664E12A0CE5560048F1C4 /* PostData.swift */,
				797664E82A0D02640048F1C4 /* FetchById.swift */,
				797664EE2A0D0CC70048F1C4 /* PutData.swift */,
				797664F02A0D0CD30048F1C4 /* DeleteData.swift */,
			);
			path = Requests;
			sourceTree = "<group>";
		};
/* End PBXGroup section */

/* Begin PBXNativeTarget section */
		797664A62A0CC93F0048F1C4 /* Mobile_project_main */ = {
			isa = PBXNativeTarget;
			buildConfigurationList = 797664CB2A0CC9400048F1C4 /* Build configuration list for PBXNativeTarget "Mobile_project_main" */;
			buildPhases = (
				797664A32A0CC93F0048F1C4 /* Sources */,
				797664A42A0CC93F0048F1C4 /* Frameworks */,
				797664A52A0CC93F0048F1C4 /* Resources */,
			);
			buildRules = (
			);
			dependencies = (
			);
			name = Mobile_project_main;
			productName = Mobile_project_main;
			productReference = 797664A72A0CC93F0048F1C4 /* Mobile_project_main.app */;
			productType = "com.apple.product-type.application";
		};
		797664B62A0CC9400048F1C4 /* Mobile_project_mainTests */ = {
			isa = PBXNativeTarget;
			buildConfigurationList = 797664CE2A0CC9400048F1C4 /* Build configuration list for PBXNativeTarget "Mobile_project_mainTests" */;
			buildPhases = (
				797664B32A0CC9400048F1C4 /* Sources */,
				797664B42A0CC9400048F1C4 /* Frameworks */,
				797664B52A0CC9400048F1C4 /* Resources */,
			);
			buildRules = (
			);
			dependencies = (
				797664B92A0CC9400048F1C4 /* PBXTargetDependency */,
			);
			name = Mobile_project_mainTests;
			productName = Mobile_project_mainTests;
			productReference = 797664B72A0CC9400048F1C4 /* Mobile_project_mainTests.xctest */;
			productType = "com.apple.product-type.bundle.unit-test";
		};
		797664C02A0CC9400048F1C4 /* Mobile_project_mainUITests */ = {
			isa = PBXNativeTarget;
			buildConfigurationList = 797664D12A0CC9400048F1C4 /* Build configuration list for PBXNativeTarget "Mobile_project_mainUITests" */;
			buildPhases = (
				797664BD2A0CC9400048F1C4 /* Sources */,
				797664BE2A0CC9400048F1C4 /* Frameworks */,
				797664BF2A0CC9400048F1C4 /* Resources */,
			);
			buildRules = (
			);
			dependencies = (
				797664C32A0CC9400048F1C4 /* PBXTargetDependency */,
			);
			name = Mobile_project_mainUITests;
			productName = Mobile_project_mainUITests;
			productReference = 797664C12A0CC9400048F1C4 /* Mobile_project_mainUITests.xctest */;
			productType = "com.apple.product-type.bundle.ui-testing";
		};
/* End PBXNativeTarget section */

/* Begin PBXProject section */
		7976649F2A0CC93F0048F1C4 /* Project object */ = {
			isa = PBXProject;
			attributes = {
				BuildIndependentTargetsInParallel = 1;
				LastSwiftUpdateCheck = 1410;
				LastUpgradeCheck = 1410;
				TargetAttributes = {
					797664A62A0CC93F0048F1C4 = {
						CreatedOnToolsVersion = 14.1;
					};
					797664B62A0CC9400048F1C4 = {
						CreatedOnToolsVersion = 14.1;
						TestTargetID = 797664A62A0CC93F0048F1C4;
					};
					797664C02A0CC9400048F1C4 = {
						CreatedOnToolsVersion = 14.1;
						TestTargetID = 797664A62A0CC93F0048F1C4;
					};
				};
			};
			buildConfigurationList = 797664A22A0CC93F0048F1C4 /* Build configuration list for PBXProject "Mobile_project_main" */;
			compatibilityVersion = "Xcode 14.0";
			developmentRegion = en;
			hasScannedForEncodings = 0;
			knownRegions = (
				en,
				Base,
			);
			mainGroup = 7976649E2A0CC93F0048F1C4;
			productRefGroup = 797664A82A0CC93F0048F1C4 /* Products */;
			projectDirPath = "";
			projectRoot = "";
			targets = (
				797664A62A0CC93F0048F1C4 /* Mobile_project_main */,
				797664B62A0CC9400048F1C4 /* Mobile_project_mainTests */,
				797664C02A0CC9400048F1C4 /* Mobile_project_mainUITests */,
			);
		};
/* End PBXProject section */

/* Begin PBXResourcesBuildPhase section */
		797664A52A0CC93F0048F1C4 /* Resources */ = {
			isa = PBXResourcesBuildPhase;
			buildActionMask = 2147483647;
			files = (
				797664B22A0CC9400048F1C4 /* Preview Assets.xcassets in Resources */,
				797664AF2A0CC9400048F1C4 /* Assets.xcassets in Resources */,
			);
			runOnlyForDeploymentPostprocessing = 0;
		};
		797664B52A0CC9400048F1C4 /* Resources */ = {
			isa = PBXResourcesBuildPhase;
			buildActionMask = 2147483647;
			files = (
			);
			runOnlyForDeploymentPostprocessing = 0;
		};
		797664BF2A0CC9400048F1C4 /* Resources */ = {
			isa = PBXResourcesBuildPhase;
			buildActionMask = 2147483647;
			files = (
			);
			runOnlyForDeploymentPostprocessing = 0;
		};
/* End PBXResourcesBuildPhase section */

/* Begin PBXSourcesBuildPhase section */
		797664A32A0CC93F0048F1C4 /* Sources */ = {
			isa = PBXSourcesBuildPhase;
			buildActionMask = 2147483647;
			files = (
				797664F12A0D0CD30048F1C4 /* DeleteData.swift in Sources */,
				797664E92A0D02640048F1C4 /* FetchById.swift in Sources */,
				797664E02A0CE31D0048F1C4 /* backButton.swift in Sources */,
				797664E22A0CE5560048F1C4 /* PostData.swift in Sources */,
				797664AD2A0CC93F0048F1C4 /* ContentView.swift in Sources */,
				797664EB2A0D0A110048F1C4 /* UpdateByIdButton.swift in Sources */,
				797664E42A0CE9B50048F1C4 /* PostButton.swift in Sources */,
				797664ED2A0D0A210048F1C4 /* DeleteByIdButton.swift in Sources */,
				797664AB2A0CC93F0048F1C4 /* Mobile_project_mainApp.swift in Sources */,
				797664DA2A0CCFE50048F1C4 /* Users.swift in Sources */,
				797664D52A0CCB280048F1C4 /* fetchData.swift in Sources */,
				797664DE2A0CD6BE0048F1C4 /* FindByIdButton.swift in Sources */,
				797664EF2A0D0CC70048F1C4 /* PutData.swift in Sources */,
				797664DC2A0CD12C0048F1C4 /* findAllButton.swift in Sources */,
				797664D72A0CCB5C0048F1C4 /* WorkAround.swift in Sources */,
			);
			runOnlyForDeploymentPostprocessing = 0;
		};
		797664B32A0CC9400048F1C4 /* Sources */ = {
			isa = PBXSourcesBuildPhase;
			buildActionMask = 2147483647;
			files = (
				797664BC2A0CC9400048F1C4 /* Mobile_project_mainTests.swift in Sources */,
			);
			runOnlyForDeploymentPostprocessing = 0;
		};
		797664BD2A0CC9400048F1C4 /* Sources */ = {
			isa = PBXSourcesBuildPhase;
			buildActionMask = 2147483647;
			files = (
				797664C62A0CC9400048F1C4 /* Mobile_project_mainUITests.swift in Sources */,
				797664C82A0CC9400048F1C4 /* Mobile_project_mainUITestsLaunchTests.swift in Sources */,
			);
			runOnlyForDeploymentPostprocessing = 0;
		};
/* End PBXSourcesBuildPhase section */

/* Begin PBXTargetDependency section */
		797664B92A0CC9400048F1C4 /* PBXTargetDependency */ = {
			isa = PBXTargetDependency;
			target = 797664A62A0CC93F0048F1C4 /* Mobile_project_main */;
			targetProxy = 797664B82A0CC9400048F1C4 /* PBXContainerItemProxy */;
		};
		797664C32A0CC9400048F1C4 /* PBXTargetDependency */ = {
			isa = PBXTargetDependency;
			target = 797664A62A0CC93F0048F1C4 /* Mobile_project_main */;
			targetProxy = 797664C22A0CC9400048F1C4 /* PBXContainerItemProxy */;
		};
/* End PBXTargetDependency section */

/* Begin XCBuildConfiguration section */
		797664C92A0CC9400048F1C4 /* Debug */ = {
			isa = XCBuildConfiguration;
			buildSettings = {
				ALWAYS_SEARCH_USER_PATHS = NO;
				CLANG_ANALYZER_NONNULL = YES;
				CLANG_ANALYZER_NUMBER_OBJECT_CONVERSION = YES_AGGRESSIVE;
				CLANG_CXX_LANGUAGE_STANDARD = "gnu++20";
				CLANG_ENABLE_MODULES = YES;
				CLANG_ENABLE_OBJC_ARC = YES;
				CLANG_ENABLE_OBJC_WEAK = YES;
				CLANG_WARN_BLOCK_CAPTURE_AUTORELEASING = YES;
				CLANG_WARN_BOOL_CONVERSION = YES;
				CLANG_WARN_COMMA = YES;
				CLANG_WARN_CONSTANT_CONVERSION = YES;
				CLANG_WARN_DEPRECATED_OBJC_IMPLEMENTATIONS = YES;
				CLANG_WARN_DIRECT_OBJC_ISA_USAGE = YES_ERROR;
				CLANG_WARN_DOCUMENTATION_COMMENTS = YES;
				CLANG_WARN_EMPTY_BODY = YES;
				CLANG_WARN_ENUM_CONVERSION = YES;
				CLANG_WARN_INFINITE_RECURSION = YES;
				CLANG_WARN_INT_CONVERSION = YES;
				CLANG_WARN_NON_LITERAL_NULL_CONVERSION = YES;
				CLANG_WARN_OBJC_IMPLICIT_RETAIN_SELF = YES;
				CLANG_WARN_OBJC_LITERAL_CONVERSION = YES;
				CLANG_WARN_OBJC_ROOT_CLASS = YES_ERROR;
				CLANG_WARN_QUOTED_INCLUDE_IN_FRAMEWORK_HEADER = YES;
				CLANG_WARN_RANGE_LOOP_ANALYSIS = YES;
				CLANG_WARN_STRICT_PROTOTYPES = YES;
				CLANG_WARN_SUSPICIOUS_MOVE = YES;
				CLANG_WARN_UNGUARDED_AVAILABILITY = YES_AGGRESSIVE;
				CLANG_WARN_UNREACHABLE_CODE = YES;
				CLANG_WARN__DUPLICATE_METHOD_MATCH = YES;
				COPY_PHASE_STRIP = NO;
				DEBUG_INFORMATION_FORMAT = dwarf;
				ENABLE_STRICT_OBJC_MSGSEND = YES;
				ENABLE_TESTABILITY = YES;
				GCC_C_LANGUAGE_STANDARD = gnu11;
				GCC_DYNAMIC_NO_PIC = NO;
				GCC_NO_COMMON_BLOCKS = YES;
				GCC_OPTIMIZATION_LEVEL = 0;
				GCC_PREPROCESSOR_DEFINITIONS = (
					"DEBUG=1",
					"$(inherited)",
				);
				GCC_WARN_64_TO_32_BIT_CONVERSION = YES;
				GCC_WARN_ABOUT_RETURN_TYPE = YES_ERROR;
				GCC_WARN_UNDECLARED_SELECTOR = YES;
				GCC_WARN_UNINITIALIZED_AUTOS = YES_AGGRESSIVE;
				GCC_WARN_UNUSED_FUNCTION = YES;
				GCC_WARN_UNUSED_VARIABLE = YES;
				IPHONEOS_DEPLOYMENT_TARGET = 16.1;
				MTL_ENABLE_DEBUG_INFO = INCLUDE_SOURCE;
				MTL_FAST_MATH = YES;
				ONLY_ACTIVE_ARCH = YES;
				SDKROOT = iphoneos;
				SWIFT_ACTIVE_COMPILATION_CONDITIONS = DEBUG;
				SWIFT_OPTIMIZATION_LEVEL = "-Onone";
			};
			name = Debug;
		};
		797664CA2A0CC9400048F1C4 /* Release */ = {
			isa = XCBuildConfiguration;
			buildSettings = {
				ALWAYS_SEARCH_USER_PATHS = NO;
				CLANG_ANALYZER_NONNULL = YES;
				CLANG_ANALYZER_NUMBER_OBJECT_CONVERSION = YES_AGGRESSIVE;
				CLANG_CXX_LANGUAGE_STANDARD = "gnu++20";
				CLANG_ENABLE_MODULES = YES;
				CLANG_ENABLE_OBJC_ARC = YES;
				CLANG_ENABLE_OBJC_WEAK = YES;
				CLANG_WARN_BLOCK_CAPTURE_AUTORELEASING = YES;
				CLANG_WARN_BOOL_CONVERSION = YES;
				CLANG_WARN_COMMA = YES;
				CLANG_WARN_CONSTANT_CONVERSION = YES;
				CLANG_WARN_DEPRECATED_OBJC_IMPLEMENTATIONS = YES;
				CLANG_WARN_DIRECT_OBJC_ISA_USAGE = YES_ERROR;
				CLANG_WARN_DOCUMENTATION_COMMENTS = YES;
				CLANG_WARN_EMPTY_BODY = YES;
				CLANG_WARN_ENUM_CONVERSION = YES;
				CLANG_WARN_INFINITE_RECURSION = YES;
				CLANG_WARN_INT_CONVERSION = YES;
				CLANG_WARN_NON_LITERAL_NULL_CONVERSION = YES;
				CLANG_WARN_OBJC_IMPLICIT_RETAIN_SELF = YES;
				CLANG_WARN_OBJC_LITERAL_CONVERSION = YES;
				CLANG_WARN_OBJC_ROOT_CLASS = YES_ERROR;
				CLANG_WARN_QUOTED_INCLUDE_IN_FRAMEWORK_HEADER = YES;
				CLANG_WARN_RANGE_LOOP_ANALYSIS = YES;
				CLANG_WARN_STRICT_PROTOTYPES = YES;
				CLANG_WARN_SUSPICIOUS_MOVE = YES;
				CLANG_WARN_UNGUARDED_AVAILABILITY = YES_AGGRESSIVE;
				CLANG_WARN_UNREACHABLE_CODE = YES;
				CLANG_WARN__DUPLICATE_METHOD_MATCH = YES;
				COPY_PHASE_STRIP = NO;
				DEBUG_INFORMATION_FORMAT = "dwarf-with-dsym";
				ENABLE_NS_ASSERTIONS = NO;
				ENABLE_STRICT_OBJC_MSGSEND = YES;
				GCC_C_LANGUAGE_STANDARD = gnu11;
				GCC_NO_COMMON_BLOCKS = YES;
				GCC_WARN_64_TO_32_BIT_CONVERSION = YES;
				GCC_WARN_ABOUT_RETURN_TYPE = YES_ERROR;
				GCC_WARN_UNDECLARED_SELECTOR = YES;
				GCC_WARN_UNINITIALIZED_AUTOS = YES_AGGRESSIVE;
				GCC_WARN_UNUSED_FUNCTION = YES;
				GCC_WARN_UNUSED_VARIABLE = YES;
				IPHONEOS_DEPLOYMENT_TARGET = 16.1;
				MTL_ENABLE_DEBUG_INFO = NO;
				MTL_FAST_MATH = YES;
				SDKROOT = iphoneos;
				SWIFT_COMPILATION_MODE = wholemodule;
				SWIFT_OPTIMIZATION_LEVEL = "-O";
				VALIDATE_PRODUCT = YES;
			};
			name = Release;
		};
		797664CC2A0CC9400048F1C4 /* Debug */ = {
			isa = XCBuildConfiguration;
			buildSettings = {
				ASSETCATALOG_COMPILER_APPICON_NAME = AppIcon;
				ASSETCATALOG_COMPILER_GLOBAL_ACCENT_COLOR_NAME = AccentColor;
				CODE_SIGN_STYLE = Automatic;
				CURRENT_PROJECT_VERSION = 1;
				DEVELOPMENT_ASSET_PATHS = "\"Mobile_project_main/Preview Content\"";
				ENABLE_PREVIEWS = YES;
				GENERATE_INFOPLIST_FILE = YES;
				INFOPLIST_KEY_UIApplicationSceneManifest_Generation = YES;
				INFOPLIST_KEY_UIApplicationSupportsIndirectInputEvents = YES;
				INFOPLIST_KEY_UILaunchScreen_Generation = YES;
				INFOPLIST_KEY_UISupportedInterfaceOrientations_iPad = "UIInterfaceOrientationPortrait UIInterfaceOrientationPortraitUpsideDown UIInterfaceOrientationLandscapeLeft UIInterfaceOrientationLandscapeRight";
				INFOPLIST_KEY_UISupportedInterfaceOrientations_iPhone = "UIInterfaceOrientationPortrait UIInterfaceOrientationLandscapeLeft UIInterfaceOrientationLandscapeRight";
				LD_RUNPATH_SEARCH_PATHS = (
					"$(inherited)",
					"@executable_path/Frameworks",
				);
				MARKETING_VERSION = 1.0;
				PRODUCT_BUNDLE_IDENTIFIER = "fi.tuni.hokkinen.Mobile-project-main";
				PRODUCT_NAME = "$(TARGET_NAME)";
				SWIFT_EMIT_LOC_STRINGS = YES;
				SWIFT_VERSION = 5.0;
				TARGETED_DEVICE_FAMILY = "1,2";
			};
			name = Debug;
		};
		797664CD2A0CC9400048F1C4 /* Release */ = {
			isa = XCBuildConfiguration;
			buildSettings = {
				ASSETCATALOG_COMPILER_APPICON_NAME = AppIcon;
				ASSETCATALOG_COMPILER_GLOBAL_ACCENT_COLOR_NAME = AccentColor;
				CODE_SIGN_STYLE = Automatic;
				CURRENT_PROJECT_VERSION = 1;
				DEVELOPMENT_ASSET_PATHS = "\"Mobile_project_main/Preview Content\"";
				ENABLE_PREVIEWS = YES;
				GENERATE_INFOPLIST_FILE = YES;
				INFOPLIST_KEY_UIApplicationSceneManifest_Generation = YES;
				INFOPLIST_KEY_UIApplicationSupportsIndirectInputEvents = YES;
				INFOPLIST_KEY_UILaunchScreen_Generation = YES;
				INFOPLIST_KEY_UISupportedInterfaceOrientations_iPad = "UIInterfaceOrientationPortrait UIInterfaceOrientationPortraitUpsideDown UIInterfaceOrientationLandscapeLeft UIInterfaceOrientationLandscapeRight";
				INFOPLIST_KEY_UISupportedInterfaceOrientations_iPhone = "UIInterfaceOrientationPortrait UIInterfaceOrientationLandscapeLeft UIInterfaceOrientationLandscapeRight";
				LD_RUNPATH_SEARCH_PATHS = (
					"$(inherited)",
					"@executable_path/Frameworks",
				);
				MARKETING_VERSION = 1.0;
				PRODUCT_BUNDLE_IDENTIFIER = "fi.tuni.hokkinen.Mobile-project-main";
				PRODUCT_NAME = "$(TARGET_NAME)";
				SWIFT_EMIT_LOC_STRINGS = YES;
				SWIFT_VERSION = 5.0;
				TARGETED_DEVICE_FAMILY = "1,2";
			};
			name = Release;
		};
		797664CF2A0CC9400048F1C4 /* Debug */ = {
			isa = XCBuildConfiguration;
			buildSettings = {
				ALWAYS_EMBED_SWIFT_STANDARD_LIBRARIES = YES;
				BUNDLE_LOADER = "$(TEST_HOST)";
				CODE_SIGN_STYLE = Automatic;
				CURRENT_PROJECT_VERSION = 1;
				GENERATE_INFOPLIST_FILE = YES;
				IPHONEOS_DEPLOYMENT_TARGET = 16.1;
				MARKETING_VERSION = 1.0;
				PRODUCT_BUNDLE_IDENTIFIER = "fi.tuni.hokkinen.Mobile-project-mainTests";
				PRODUCT_NAME = "$(TARGET_NAME)";
				SWIFT_EMIT_LOC_STRINGS = NO;
				SWIFT_VERSION = 5.0;
				TARGETED_DEVICE_FAMILY = "1,2";
				TEST_HOST = "$(BUILT_PRODUCTS_DIR)/Mobile_project_main.app/$(BUNDLE_EXECUTABLE_FOLDER_PATH)/Mobile_project_main";
			};
			name = Debug;
		};
		797664D02A0CC9400048F1C4 /* Release */ = {
			isa = XCBuildConfiguration;
			buildSettings = {
				ALWAYS_EMBED_SWIFT_STANDARD_LIBRARIES = YES;
				BUNDLE_LOADER = "$(TEST_HOST)";
				CODE_SIGN_STYLE = Automatic;
				CURRENT_PROJECT_VERSION = 1;
				GENERATE_INFOPLIST_FILE = YES;
				IPHONEOS_DEPLOYMENT_TARGET = 16.1;
				MARKETING_VERSION = 1.0;
				PRODUCT_BUNDLE_IDENTIFIER = "fi.tuni.hokkinen.Mobile-project-mainTests";
				PRODUCT_NAME = "$(TARGET_NAME)";
				SWIFT_EMIT_LOC_STRINGS = NO;
				SWIFT_VERSION = 5.0;
				TARGETED_DEVICE_FAMILY = "1,2";
				TEST_HOST = "$(BUILT_PRODUCTS_DIR)/Mobile_project_main.app/$(BUNDLE_EXECUTABLE_FOLDER_PATH)/Mobile_project_main";
			};
			name = Release;
		};
		797664D22A0CC9400048F1C4 /* Debug */ = {
			isa = XCBuildConfiguration;
			buildSettings = {
				ALWAYS_EMBED_SWIFT_STANDARD_LIBRARIES = YES;
				CODE_SIGN_STYLE = Automatic;
				CURRENT_PROJECT_VERSION = 1;
				GENERATE_INFOPLIST_FILE = YES;
				MARKETING_VERSION = 1.0;
				PRODUCT_BUNDLE_IDENTIFIER = "fi.tuni.hokkinen.Mobile-project-mainUITests";
				PRODUCT_NAME = "$(TARGET_NAME)";
				SWIFT_EMIT_LOC_STRINGS = NO;
				SWIFT_VERSION = 5.0;
				TARGETED_DEVICE_FAMILY = "1,2";
				TEST_TARGET_NAME = Mobile_project_main;
			};
			name = Debug;
		};
		797664D32A0CC9400048F1C4 /* Release */ = {
			isa = XCBuildConfiguration;
			buildSettings = {
				ALWAYS_EMBED_SWIFT_STANDARD_LIBRARIES = YES;
				CODE_SIGN_STYLE = Automatic;
				CURRENT_PROJECT_VERSION = 1;
				GENERATE_INFOPLIST_FILE = YES;
				MARKETING_VERSION = 1.0;
				PRODUCT_BUNDLE_IDENTIFIER = "fi.tuni.hokkinen.Mobile-project-mainUITests";
				PRODUCT_NAME = "$(TARGET_NAME)";
				SWIFT_EMIT_LOC_STRINGS = NO;
				SWIFT_VERSION = 5.0;
				TARGETED_DEVICE_FAMILY = "1,2";
				TEST_TARGET_NAME = Mobile_project_main;
			};
			name = Release;
		};
/* End XCBuildConfiguration section */

/* Begin XCConfigurationList section */
		797664A22A0CC93F0048F1C4 /* Build configuration list for PBXProject "Mobile_project_main" */ = {
			isa = XCConfigurationList;
			buildConfigurations = (
				797664C92A0CC9400048F1C4 /* Debug */,
				797664CA2A0CC9400048F1C4 /* Release */,
			);
			defaultConfigurationIsVisible = 0;
			defaultConfigurationName = Release;
		};
		797664CB2A0CC9400048F1C4 /* Build configuration list for PBXNativeTarget "Mobile_project_main" */ = {
			isa = XCConfigurationList;
			buildConfigurations = (
				797664CC2A0CC9400048F1C4 /* Debug */,
				797664CD2A0CC9400048F1C4 /* Release */,
			);
			defaultConfigurationIsVisible = 0;
			defaultConfigurationName = Release;
		};
		797664CE2A0CC9400048F1C4 /* Build configuration list for PBXNativeTarget "Mobile_project_mainTests" */ = {
			isa = XCConfigurationList;
			buildConfigurations = (
				797664CF2A0CC9400048F1C4 /* Debug */,
				797664D02A0CC9400048F1C4 /* Release */,
			);
			defaultConfigurationIsVisible = 0;
			defaultConfigurationName = Release;
		};
		797664D12A0CC9400048F1C4 /* Build configuration list for PBXNativeTarget "Mobile_project_mainUITests" */ = {
			isa = XCConfigurationList;
			buildConfigurations = (
				797664D22A0CC9400048F1C4 /* Debug */,
				797664D32A0CC9400048F1C4 /* Release */,
			);
			defaultConfigurationIsVisible = 0;
			defaultConfigurationName = Release;
		};
/* End XCConfigurationList section */
	};
	rootObject = 7976649F2A0CC93F0048F1C4 /* Project object */;
}
